Microsoft Visual Studio Solution File, Format Version 9.00
# Visual Studio 2005
Project("{FAE04EC0-301F-11D3-BF4B-00C04F79EFBC}") = "Serialcoder.MagicWords", "Serialcoder.MagicWords\Serialcoder.MagicWords.csproj", "{6F67CAF3-C557-4BEF-B233-FFB4E7C0C8BA}"
EndProject
Project("{FAE04EC0-301F-11D3-BF4B-00C04F79EFBC}") = "Serialcoder.MagicWords.Framework", "Serialcoder.MagicWords.Framework\Serialcoder.MagicWords.Framework.csproj", "{1AEF87B4-B549-4408-BBF2-9BC76B9A5121}"
EndProject
Project("{FAE04EC0-301F-11D3-BF4B-00C04F79EFBC}") = "Serialcoder.MagicWords.ScreenShotPlugin", "Serialcoder.MagicWords.ScreenShotPlugin\Serialcoder.MagicWords.ScreenShotPlugin.csproj", "{58E14687-40F2-43E2-93BB-B02A6BF90DCD}"
EndProject
Project("{FAE04EC0-301F-11D3-BF4B-00C04F79EFBC}") = "Serialcoder.MagicWords.ScratchPadPlugin", "Serialcoder.MagicWords.ScratchPadPlugin\Serialcoder.MagicWords.ScratchPadPlugin.csproj", "{14A071EC-3269-4E2B-9A1A-5EC9789CE924}"
EndProject
Project("{FAE04EC0-301F-11D3-BF4B-00C04F79EFBC}") = "Serialcoder.MagicWords.TranslatorPlugin", "Serialcoder.MagicWords.TranslatorPlugin\Serialcoder.MagicWords.TranslatorPlugin.csproj", "{250E1A7A-8FC0-4178-A402-9D7D1743AC64}"
EndProject
Project("{2150E333-8FDC-42A3-9474-1A3956D46DE8}") = "Plugins", "Plugins", "{DE70B1FA-500C-4B6E-9BEC-83DD1DD289B5}"
EndProject
Project("{FAE04EC0-301F-11D3-BF4B-00C04F79EFBC}") = "Serialcoder.MagicWords.AlarmPlugin", "Serialcoder.MagicWords.AlarmPlugin\Serialcoder.MagicWords.AlarmPlugin.csproj", "{E919E91D-3AD8-4EB6-9FAA-CE13C3279EDD}"
EndProject
Global
	GlobalSection(SolutionConfigurationPlatforms) = preSolution
		Debug|Any CPU = Debug|Any CPU
		Release|Any CPU = Release|Any CPU
	EndGlobalSection
	GlobalSection(ProjectConfigurationPlatforms) = postSolution
		{6F67CAF3-C557-4BEF-B233-FFB4E7C0C8BA}.Debug|Any CPU.ActiveCfg = Debug|Any CPU
		{6F67CAF3-C557-4BEF-B233-FFB4E7C0C8BA}.Debug|Any CPU.Build.0 = Debug|Any CPU
		{6F67CAF3-C557-4BEF-B233-FFB4E7C0C8BA}.Release|Any CPU.ActiveCfg = Release|Any CPU
		{6F67CAF3-C557-4BEF-B233-FFB4E7C0C8BA}.Release|Any CPU.Build.0 = Release|Any CPU
		{1AEF87B4-B549-4408-BBF2-9BC76B9A5121}.Debug|Any CPU.ActiveCfg = Debug|Any CPU
		{1AEF87B4-B549-4408-BBF2-9BC76B9A5121}.Debug|Any CPU.Build.0 = Debug|Any CPU
		{1AEF87B4-B549-4408-BBF2-9BC76B9A5121}.Release|Any CPU.ActiveCfg = Release|Any CPU
		{1AEF87B4-B549-4408-BBF2-9BC76B9A5121}.Release|Any CPU.Build.0 = Release|Any CPU
		{58E14687-40F2-43E2-93BB-B02A6BF90DCD}.Debug|Any CPU.ActiveCfg = Debug|Any CPU
		{58E14687-40F2-43E2-93BB-B02A6BF90DCD}.Debug|Any CPU.Build.0 = Debug|Any CPU
		{58E14687-40F2-43E2-93BB-B02A6BF90DCD}.Release|Any CPU.ActiveCfg = Release|Any CPU
		{58E14687-40F2-43E2-93BB-B02A6BF90DCD}.Release|Any CPU.Build.0 = Release|Any CPU
		{14A071EC-3269-4E2B-9A1A-5EC9789CE924}.Debug|Any CPU.ActiveCfg = Debug|Any CPU
		{14A071EC-3269-4E2B-9A1A-5EC9789CE924}.Debug|Any CPU.Build.0 = Debug|Any CPU
		{14A071EC-3269-4E2B-9A1A-5EC9789CE924}.Release|Any CPU.ActiveCfg = Release|Any CPU
		{14A071EC-3269-4E2B-9A1A-5EC9789CE924}.Release|Any CPU.Build.0 = Release|Any CPU
		{250E1A7A-8FC0-4178-A402-9D7D1743AC64}.Debug|Any CPU.ActiveCfg = Debug|Any CPU
		{250E1A7A-8FC0-4178-A402-9D7D1743AC64}.Debug|Any CPU.Build.0 = Debug|Any CPU
		{250E1A7A-8FC0-4178-A402-9D7D1743AC64}.Release|Any CPU.ActiveCfg = Release|Any CPU
		{250E1A7A-8FC0-4178-A402-9D7D1743AC64}.Release|Any CPU.Build.0 = Release|Any CPU
		{E919E91D-3AD8-4EB6-9FAA-CE13C3279EDD}.Debug|Any CPU.ActiveCfg = Debug|Any CPU
		{E919E91D-3AD8-4EB6-9FAA-CE13C3279EDD}.Debug|Any CPU.Build.0 = Debug|Any CPU
		{E919E91D-3AD8-4EB6-9FAA-CE13C3279EDD}.Release|Any CPU.ActiveCfg = Release|Any CPU
		{E919E91D-3AD8-4EB6-9FAA-CE13C3279EDD}.Release|Any CPU.Build.0 = Release|Any CPU
	EndGlobalSection
	GlobalSection(SolutionProperties) = preSolution
		HideSolutionNode = FALSE
	EndGlobalSection
	GlobalSection(NestedProjects) = preSolution
		{14A071EC-3269-4E2B-9A1A-5EC9789CE924} = {DE70B1FA-500C-4B6E-9BEC-83DD1DD289B5}
		{250E1A7A-8FC0-4178-A402-9D7D1743AC64} = {DE70B1FA-500C-4B6E-9BEC-83DD1DD289B5}
		{58E14687-40F2-43E2-93BB-B02A6BF90DCD} = {DE70B1FA-500C-4B6E-9BEC-83DD1DD289B5}
		{E919E91D-3AD8-4EB6-9FAA-CE13C3279EDD} = {DE70B1FA-500C-4B6E-9BEC-83DD1DD289B5}
	EndGlobalSection
EndGlobal
